// !$*UTF8*$!
{
	archiveVersion = 1;
	classes = {
	};
	objectVersion = 56;
	objects = {

/* Begin PBXBuildFile section */
		2D16BFBC2C0A73A400418666 /* BaseViewController .swift in Sources */ = {isa = PBXBuildFile; fileRef = 2D16BFBB2C0A73A400418666 /* BaseViewController .swift */; };
		2D16BFBE2C0A73CA00418666 /* BaseViewModel .swift in Sources */ = {isa = PBXBuildFile; fileRef = 2D16BFBD2C0A73CA00418666 /* BaseViewModel .swift */; };
		2D16BFC42C0A7F6600418666 /* DismissableRoute.swift in Sources */ = {isa = PBXBuildFile; fileRef = 2D16BFC32C0A7F6600418666 /* DismissableRoute.swift */; };
		2D16BFC62C0A7F7F00418666 /* AppRouter.swift in Sources */ = {isa = PBXBuildFile; fileRef = 2D16BFC52C0A7F7F00418666 /* AppRouter.swift */; };
		2D16BFC82C0A7FB100418666 /* ModalTransition.swift in Sources */ = {isa = PBXBuildFile; fileRef = 2D16BFC72C0A7FB100418666 /* ModalTransition.swift */; };
		2D16BFCA2C0A7FC400418666 /* PlaceOnWindowTransition.swift in Sources */ = {isa = PBXBuildFile; fileRef = 2D16BFC92C0A7FC400418666 /* PlaceOnWindowTransition.swift */; };
		2D16BFCC2C0A7FD800418666 /* PushTransition.swift in Sources */ = {isa = PBXBuildFile; fileRef = 2D16BFCB2C0A7FD800418666 /* PushTransition.swift */; };
		2D16BFCE2C0A7FEB00418666 /* Transition.swift in Sources */ = {isa = PBXBuildFile; fileRef = 2D16BFCD2C0A7FEB00418666 /* Transition.swift */; };
		2D16BFD12C0A801D00418666 /* Animator.swift in Sources */ = {isa = PBXBuildFile; fileRef = 2D16BFD02C0A801D00418666 /* Animator.swift */; };
		2D16BFD32C0A803400418666 /* Router.swift in Sources */ = {isa = PBXBuildFile; fileRef = 2D16BFD22C0A803400418666 /* Router.swift */; };
		2D3FA0112C0A551B00C6A3F4 /* AppDelegate.swift in Sources */ = {isa = PBXBuildFile; fileRef = 2D3FA0102C0A551B00C6A3F4 /* AppDelegate.swift */; };
		2D3FA0152C0A551B00C6A3F4 /* ViewController.swift in Sources */ = {isa = PBXBuildFile; fileRef = 2D3FA0142C0A551B00C6A3F4 /* ViewController.swift */; };
		2D3FA01A2C0A551E00C6A3F4 /* Assets.xcassets in Resources */ = {isa = PBXBuildFile; fileRef = 2D3FA0192C0A551E00C6A3F4 /* Assets.xcassets */; };
		2D3FA01D2C0A551E00C6A3F4 /* LaunchScreen.storyboard in Resources */ = {isa = PBXBuildFile; fileRef = 2D3FA01B2C0A551E00C6A3F4 /* LaunchScreen.storyboard */; };
		56B0CF751B4B9B07F02CA20A /* Pods_Kalori_Sayar.framework in Frameworks */ = {isa = PBXBuildFile; fileRef = 06BC52B5CE8778C5018FD5D1 /* Pods_Kalori_Sayar.framework */; };
/* End PBXBuildFile section */

/* Begin PBXFileReference section */
		02961793612A3C7A6ECB4893 /* Pods-Kalori-Sayar.release.xcconfig */ = {isa = PBXFileReference; includeInIndex = 1; lastKnownFileType = text.xcconfig; name = "Pods-Kalori-Sayar.release.xcconfig"; path = "Target Support Files/Pods-Kalori-Sayar/Pods-Kalori-Sayar.release.xcconfig"; sourceTree = "<group>"; };
		06BC52B5CE8778C5018FD5D1 /* Pods_Kalori_Sayar.framework */ = {isa = PBXFileReference; explicitFileType = wrapper.framework; includeInIndex = 0; path = Pods_Kalori_Sayar.framework; sourceTree = BUILT_PRODUCTS_DIR; };
		2D16BFBB2C0A73A400418666 /* BaseViewController .swift */ = {isa = PBXFileReference; lastKnownFileType = sourcecode.swift; path = "BaseViewController .swift"; sourceTree = "<group>"; };
		2D16BFBD2C0A73CA00418666 /* BaseViewModel .swift */ = {isa = PBXFileReference; lastKnownFileType = sourcecode.swift; path = "BaseViewModel .swift"; sourceTree = "<group>"; };
		2D16BFC32C0A7F6600418666 /* DismissableRoute.swift */ = {isa = PBXFileReference; lastKnownFileType = sourcecode.swift; path = DismissableRoute.swift; sourceTree = "<group>"; };
		2D16BFC52C0A7F7F00418666 /* AppRouter.swift */ = {isa = PBXFileReference; lastKnownFileType = sourcecode.swift; path = AppRouter.swift; sourceTree = "<group>"; };
		2D16BFC72C0A7FB100418666 /* ModalTransition.swift */ = {isa = PBXFileReference; lastKnownFileType = sourcecode.swift; path = ModalTransition.swift; sourceTree = "<group>"; };
		2D16BFC92C0A7FC400418666 /* PlaceOnWindowTransition.swift */ = {isa = PBXFileReference; lastKnownFileType = sourcecode.swift; path = PlaceOnWindowTransition.swift; sourceTree = "<group>"; };
		2D16BFCB2C0A7FD800418666 /* PushTransition.swift */ = {isa = PBXFileReference; lastKnownFileType = sourcecode.swift; path = PushTransition.swift; sourceTree = "<group>"; };
		2D16BFCD2C0A7FEB00418666 /* Transition.swift */ = {isa = PBXFileReference; lastKnownFileType = sourcecode.swift; path = Transition.swift; sourceTree = "<group>"; };
		2D16BFD02C0A801D00418666 /* Animator.swift */ = {isa = PBXFileReference; lastKnownFileType = sourcecode.swift; path = Animator.swift; sourceTree = "<group>"; };
		2D16BFD22C0A803400418666 /* Router.swift */ = {isa = PBXFileReference; lastKnownFileType = sourcecode.swift; path = Router.swift; sourceTree = "<group>"; };
		2D3FA00D2C0A551B00C6A3F4 /* Kalori-Sayar.app */ = {isa = PBXFileReference; explicitFileType = wrapper.application; includeInIndex = 0; path = "Kalori-Sayar.app"; sourceTree = BUILT_PRODUCTS_DIR; };
		2D3FA0102C0A551B00C6A3F4 /* AppDelegate.swift */ = {isa = PBXFileReference; lastKnownFileType = sourcecode.swift; path = AppDelegate.swift; sourceTree = "<group>"; };
		2D3FA0142C0A551B00C6A3F4 /* ViewController.swift */ = {isa = PBXFileReference; lastKnownFileType = sourcecode.swift; path = ViewController.swift; sourceTree = "<group>"; };
		2D3FA0192C0A551E00C6A3F4 /* Assets.xcassets */ = {isa = PBXFileReference; lastKnownFileType = folder.assetcatalog; path = Assets.xcassets; sourceTree = "<group>"; };
		2D3FA01C2C0A551E00C6A3F4 /* Base */ = {isa = PBXFileReference; lastKnownFileType = file.storyboard; name = Base; path = Base.lproj/LaunchScreen.storyboard; sourceTree = "<group>"; };
		2D3FA01E2C0A551E00C6A3F4 /* Info.plist */ = {isa = PBXFileReference; lastKnownFileType = text.plist.xml; path = Info.plist; sourceTree = "<group>"; };
		DE6481657A01F62CBECF15DE /* Pods-Kalori-Sayar.debug.xcconfig */ = {isa = PBXFileReference; includeInIndex = 1; lastKnownFileType = text.xcconfig; name = "Pods-Kalori-Sayar.debug.xcconfig"; path = "Target Support Files/Pods-Kalori-Sayar/Pods-Kalori-Sayar.debug.xcconfig"; sourceTree = "<group>"; };
/* End PBXFileReference section */

/* Begin PBXFrameworksBuildPhase section */
		2D3FA00A2C0A551B00C6A3F4 /* Frameworks */ = {
			isa = PBXFrameworksBuildPhase;
			buildActionMask = 2147483647;
			files = (
				56B0CF751B4B9B07F02CA20A /* Pods_Kalori_Sayar.framework in Frameworks */,
			);
			runOnlyForDeploymentPostprocessing = 0;
		};
/* End PBXFrameworksBuildPhase section */

/* Begin PBXGroup section */
		0DF8D1BD6AD66BBE86B70621 /* Pods */ = {
			isa = PBXGroup;
			children = (
				DE6481657A01F62CBECF15DE /* Pods-Kalori-Sayar.debug.xcconfig */,
				02961793612A3C7A6ECB4893 /* Pods-Kalori-Sayar.release.xcconfig */,
			);
			path = Pods;
			sourceTree = "<group>";
		};
		2D16BFB22C0A6D7D00418666 /* AppDelegate */ = {
			isa = PBXGroup;
			children = (
				2D16BFBF2C0A7F2E00418666 /* Routing */,
				2D16BFBA2C0A738C00418666 /* Base */,
				2D3FA0102C0A551B00C6A3F4 /* AppDelegate.swift */,
			);
			path = AppDelegate;
			sourceTree = "<group>";
		};
		2D16BFBA2C0A738C00418666 /* Base */ = {
			isa = PBXGroup;
			children = (
				2D16BFBB2C0A73A400418666 /* BaseViewController .swift */,
				2D16BFBD2C0A73CA00418666 /* BaseViewModel .swift */,
			);
			path = Base;
			sourceTree = "<group>";
		};
		2D16BFBF2C0A7F2E00418666 /* Routing */ = {
			isa = PBXGroup;
			children = (
				2D16BFCF2C0A800C00418666 /* Core */,
				2D16BFC22C0A7F4C00418666 /* Routers */,
				2D16BFC12C0A7F3D00418666 /* Transitions */,
				2D16BFC02C0A7F3800418666 /* Route */,
			);
			path = Routing;
			sourceTree = "<group>";
		};
		2D16BFC02C0A7F3800418666 /* Route */ = {
			isa = PBXGroup;
			children = (
				2D16BFC32C0A7F6600418666 /* DismissableRoute.swift */,
			);
			path = Route;
			sourceTree = "<group>";
		};
		2D16BFC12C0A7F3D00418666 /* Transitions */ = {
			isa = PBXGroup;
			children = (
				2D16BFC72C0A7FB100418666 /* ModalTransition.swift */,
				2D16BFC92C0A7FC400418666 /* PlaceOnWindowTransition.swift */,
				2D16BFCD2C0A7FEB00418666 /* Transition.swift */,
				2D16BFCB2C0A7FD800418666 /* PushTransition.swift */,
			);
			path = Transitions;
			sourceTree = "<group>";
		};
		2D16BFC22C0A7F4C00418666 /* Routers */ = {
			isa = PBXGroup;
			children = (
				2D16BFC52C0A7F7F00418666 /* AppRouter.swift */,
			);
			path = Routers;
			sourceTree = "<group>";
		};
		2D16BFCF2C0A800C00418666 /* Core */ = {
			isa = PBXGroup;
			children = (
				2D16BFD02C0A801D00418666 /* Animator.swift */,
				2D16BFD22C0A803400418666 /* Router.swift */,
			);
			path = Core;
			sourceTree = "<group>";
		};
		2D3FA0042C0A551B00C6A3F4 = {
			isa = PBXGroup;
			children = (
				2D3FA00F2C0A551B00C6A3F4 /* Kalori-Sayar */,
				2D3FA00E2C0A551B00C6A3F4 /* Products */,
				0DF8D1BD6AD66BBE86B70621 /* Pods */,
				856B5BA2A0948C0B46FE31E7 /* Frameworks */,
			);
			sourceTree = "<group>";
		};
		2D3FA00E2C0A551B00C6A3F4 /* Products */ = {
			isa = PBXGroup;
			children = (
				2D3FA00D2C0A551B00C6A3F4 /* Kalori-Sayar.app */,
			);
			name = Products;
			sourceTree = "<group>";
		};
		2D3FA00F2C0A551B00C6A3F4 /* Kalori-Sayar */ = {
			isa = PBXGroup;
			children = (
				2D16BFB22C0A6D7D00418666 /* AppDelegate */,
				2D3FA0142C0A551B00C6A3F4 /* ViewController.swift */,
				2D3FA0192C0A551E00C6A3F4 /* Assets.xcassets */,
				2D3FA01B2C0A551E00C6A3F4 /* LaunchScreen.storyboard */,
				2D3FA01E2C0A551E00C6A3F4 /* Info.plist */,
			);
			path = "Kalori-Sayar";
			sourceTree = "<group>";
		};
		856B5BA2A0948C0B46FE31E7 /* Frameworks */ = {
			isa = PBXGroup;
			children = (
				06BC52B5CE8778C5018FD5D1 /* Pods_Kalori_Sayar.framework */,
			);
			name = Frameworks;
			sourceTree = "<group>";
		};
/* End PBXGroup section */

/* Begin PBXNativeTarget section */
		2D3FA00C2C0A551B00C6A3F4 /* Kalori-Sayar */ = {
			isa = PBXNativeTarget;
			buildConfigurationList = 2D3FA0212C0A551E00C6A3F4 /* Build configuration list for PBXNativeTarget "Kalori-Sayar" */;
			buildPhases = (
				A84F5F6380E101041D0D8409 /* [CP] Check Pods Manifest.lock */,
				2D3FA0092C0A551B00C6A3F4 /* Sources */,
				2D3FA00A2C0A551B00C6A3F4 /* Frameworks */,
				2D3FA00B2C0A551B00C6A3F4 /* Resources */,
				681960B4D92A9B07845E0E9E /* [CP] Embed Pods Frameworks */,
			);
			buildRules = (
			);
			dependencies = (
			);
			name = "Kalori-Sayar";
			productName = "Kalori-Sayar";
			productReference = 2D3FA00D2C0A551B00C6A3F4 /* Kalori-Sayar.app */;
			productType = "com.apple.product-type.application";
		};
/* End PBXNativeTarget section */

/* Begin PBXProject section */
		2D3FA0052C0A551B00C6A3F4 /* Project object */ = {
			isa = PBXProject;
			attributes = {
				BuildIndependentTargetsInParallel = 1;
				LastSwiftUpdateCheck = 1420;
				LastUpgradeCheck = 1420;
				TargetAttributes = {
					2D3FA00C2C0A551B00C6A3F4 = {
						CreatedOnToolsVersion = 14.2;
					};
				};
			};
			buildConfigurationList = 2D3FA0082C0A551B00C6A3F4 /* Build configuration list for PBXProject "Kalori-Sayar" */;
			compatibilityVersion = "Xcode 14.0";
			developmentRegion = en;
			hasScannedForEncodings = 0;
			knownRegions = (
				en,
				Base,
			);
			mainGroup = 2D3FA0042C0A551B00C6A3F4;
			productRefGroup = 2D3FA00E2C0A551B00C6A3F4 /* Products */;
			projectDirPath = "";
			projectRoot = "";
			targets = (
				2D3FA00C2C0A551B00C6A3F4 /* Kalori-Sayar */,
			);
		};
/* End PBXProject section */

/* Begin PBXResourcesBuildPhase section */
		2D3FA00B2C0A551B00C6A3F4 /* Resources */ = {
			isa = PBXResourcesBuildPhase;
			buildActionMask = 2147483647;
			files = (
				2D3FA01D2C0A551E00C6A3F4 /* LaunchScreen.storyboard in Resources */,
				2D3FA01A2C0A551E00C6A3F4 /* Assets.xcassets in Resources */,
			);
			runOnlyForDeploymentPostprocessing = 0;
		};
/* End PBXResourcesBuildPhase section */

/* Begin PBXShellScriptBuildPhase section */
		681960B4D92A9B07845E0E9E /* [CP] Embed Pods Frameworks */ = {
			isa = PBXShellScriptBuildPhase;
			buildActionMask = 2147483647;
			files = (
			);
			inputFileListPaths = (
				"${PODS_ROOT}/Target Support Files/Pods-Kalori-Sayar/Pods-Kalori-Sayar-frameworks-${CONFIGURATION}-input-files.xcfilelist",
			);
			name = "[CP] Embed Pods Frameworks";
			outputFileListPaths = (
				"${PODS_ROOT}/Target Support Files/Pods-Kalori-Sayar/Pods-Kalori-Sayar-frameworks-${CONFIGURATION}-output-files.xcfilelist",
			);
			runOnlyForDeploymentPostprocessing = 0;
			shellPath = /bin/sh;
			shellScript = "\"${PODS_ROOT}/Target Support Files/Pods-Kalori-Sayar/Pods-Kalori-Sayar-frameworks.sh\"\n";
			showEnvVarsInLog = 0;
		};
		A84F5F6380E101041D0D8409 /* [CP] Check Pods Manifest.lock */ = {
			isa = PBXShellScriptBuildPhase;
			buildActionMask = 2147483647;
			files = (
			);
			inputFileListPaths = (
			);
			inputPaths = (
				"${PODS_PODFILE_DIR_PATH}/Podfile.lock",
				"${PODS_ROOT}/Manifest.lock",
			);
			name = "[CP] Check Pods Manifest.lock";
			outputFileListPaths = (
			);
			outputPaths = (
				"$(DERIVED_FILE_DIR)/Pods-Kalori-Sayar-checkManifestLockResult.txt",
			);
			runOnlyForDeploymentPostprocessing = 0;
			shellPath = /bin/sh;
			shellScript = "diff \"${PODS_PODFILE_DIR_PATH}/Podfile.lock\" \"${PODS_ROOT}/Manifest.lock\" > /dev/null\nif [ $? != 0 ] ; then\n    # print error to STDERR\n    echo \"error: The sandbox is not in sync with the Podfile.lock. Run 'pod install' or update your CocoaPods installation.\" >&2\n    exit 1\nfi\n# This output is used by Xcode 'outputs' to avoid re-running this script phase.\necho \"SUCCESS\" > \"${SCRIPT_OUTPUT_FILE_0}\"\n";
			showEnvVarsInLog = 0;
		};
/* End PBXShellScriptBuildPhase section */

/* Begin PBXSourcesBuildPhase section */
		2D3FA0092C0A551B00C6A3F4 /* Sources */ = {
			isa = PBXSourcesBuildPhase;
			buildActionMask = 2147483647;
			files = (
				2D16BFCE2C0A7FEB00418666 /* Transition.swift in Sources */,
				2D3FA0152C0A551B00C6A3F4 /* ViewController.swift in Sources */,
				2D16BFBC2C0A73A400418666 /* BaseViewController .swift in Sources */,
				2D16BFC62C0A7F7F00418666 /* AppRouter.swift in Sources */,
				2D16BFD32C0A803400418666 /* Router.swift in Sources */,
				2D16BFBE2C0A73CA00418666 /* BaseViewModel .swift in Sources */,
				2D3FA0112C0A551B00C6A3F4 /* AppDelegate.swift in Sources */,
				2D16BFCA2C0A7FC400418666 /* PlaceOnWindowTransition.swift in Sources */,
				2D16BFC82C0A7FB100418666 /* ModalTransition.swift in Sources */,
				2D16BFCC2C0A7FD800418666 /* PushTransition.swift in Sources */,
				2D16BFD12C0A801D00418666 /* Animator.swift in Sources */,
				2D16BFC42C0A7F6600418666 /* DismissableRoute.swift in Sources */,
			);
			runOnlyForDeploymentPostprocessing = 0;
		};
/* End PBXSourcesBuildPhase section */

/* Begin PBXVariantGroup section */
		2D3FA01B2C0A551E00C6A3F4 /* LaunchScreen.storyboard */ = {
			isa = PBXVariantGroup;
			children = (
				2D3FA01C2C0A551E00C6A3F4 /* Base */,
			);
			name = LaunchScreen.storyboard;
			sourceTree = "<group>";
		};
/* End PBXVariantGroup section */

/* Begin XCBuildConfiguration section */
		2D3FA01F2C0A551E00C6A3F4 /* Debug */ = {
			isa = XCBuildConfiguration;
			buildSettings = {
				ALWAYS_SEARCH_USER_PATHS = NO;
				CLANG_ANALYZER_NONNULL = YES;
				CLANG_ANALYZER_NUMBER_OBJECT_CONVERSION = YES_AGGRESSIVE;
				CLANG_CXX_LANGUAGE_STANDARD = "gnu++20";
				CLANG_ENABLE_MODULES = YES;
				CLANG_ENABLE_OBJC_ARC = YES;
				CLANG_ENABLE_OBJC_WEAK = YES;
				CLANG_WARN_BLOCK_CAPTURE_AUTORELEASING = YES;
				CLANG_WARN_BOOL_CONVERSION = YES;
				CLANG_WARN_COMMA = YES;
				CLANG_WARN_CONSTANT_CONVERSION = YES;
				CLANG_WARN_DEPRECATED_OBJC_IMPLEMENTATIONS = YES;
				CLANG_WARN_DIRECT_OBJC_ISA_USAGE = YES_ERROR;
				CLANG_WARN_DOCUMENTATION_COMMENTS = YES;
				CLANG_WARN_EMPTY_BODY = YES;
				CLANG_WARN_ENUM_CONVERSION = YES;
				CLANG_WARN_INFINITE_RECURSION = YES;
				CLANG_WARN_INT_CONVERSION = YES;
				CLANG_WARN_NON_LITERAL_NULL_CONVERSION = YES;
				CLANG_WARN_OBJC_IMPLICIT_RETAIN_SELF = YES;
				CLANG_WARN_OBJC_LITERAL_CONVERSION = YES;
				CLANG_WARN_OBJC_ROOT_CLASS = YES_ERROR;
				CLANG_WARN_QUOTED_INCLUDE_IN_FRAMEWORK_HEADER = YES;
				CLANG_WARN_RANGE_LOOP_ANALYSIS = YES;
				CLANG_WARN_STRICT_PROTOTYPES = YES;
				CLANG_WARN_SUSPICIOUS_MOVE = YES;
				CLANG_WARN_UNGUARDED_AVAILABILITY = YES_AGGRESSIVE;
				CLANG_WARN_UNREACHABLE_CODE = YES;
				CLANG_WARN__DUPLICATE_METHOD_MATCH = YES;
				COPY_PHASE_STRIP = NO;
				DEBUG_INFORMATION_FORMAT = dwarf;
				ENABLE_STRICT_OBJC_MSGSEND = YES;
				ENABLE_TESTABILITY = YES;
				GCC_C_LANGUAGE_STANDARD = gnu11;
				GCC_DYNAMIC_NO_PIC = NO;
				GCC_NO_COMMON_BLOCKS = YES;
				GCC_OPTIMIZATION_LEVEL = 0;
				GCC_PREPROCESSOR_DEFINITIONS = (
					"DEBUG=1",
					"$(inherited)",
				);
				GCC_WARN_64_TO_32_BIT_CONVERSION = YES;
				GCC_WARN_ABOUT_RETURN_TYPE = YES_ERROR;
				GCC_WARN_UNDECLARED_SELECTOR = YES;
				GCC_WARN_UNINITIALIZED_AUTOS = YES_AGGRESSIVE;
				GCC_WARN_UNUSED_FUNCTION = YES;
				GCC_WARN_UNUSED_VARIABLE = YES;
				IPHONEOS_DEPLOYMENT_TARGET = 16.2;
				MTL_ENABLE_DEBUG_INFO = INCLUDE_SOURCE;
				MTL_FAST_MATH = YES;
				ONLY_ACTIVE_ARCH = YES;
				SDKROOT = iphoneos;
				SWIFT_ACTIVE_COMPILATION_CONDITIONS = DEBUG;
				SWIFT_OPTIMIZATION_LEVEL = "-Onone";
			};
			name = Debug;
		};
		2D3FA0202C0A551E00C6A3F4 /* Release */ = {
			isa = XCBuildConfiguration;
			buildSettings = {
				ALWAYS_SEARCH_USER_PATHS = NO;
				CLANG_ANALYZER_NONNULL = YES;
				CLANG_ANALYZER_NUMBER_OBJECT_CONVERSION = YES_AGGRESSIVE;
				CLANG_CXX_LANGUAGE_STANDARD = "gnu++20";
				CLANG_ENABLE_MODULES = YES;
				CLANG_ENABLE_OBJC_ARC = YES;
				CLANG_ENABLE_OBJC_WEAK = YES;
				CLANG_WARN_BLOCK_CAPTURE_AUTORELEASING = YES;
				CLANG_WARN_BOOL_CONVERSION = YES;
				CLANG_WARN_COMMA = YES;
				CLANG_WARN_CONSTANT_CONVERSION = YES;
				CLANG_WARN_DEPRECATED_OBJC_IMPLEMENTATIONS = YES;
				CLANG_WARN_DIRECT_OBJC_ISA_USAGE = YES_ERROR;
				CLANG_WARN_DOCUMENTATION_COMMENTS = YES;
				CLANG_WARN_EMPTY_BODY = YES;
				CLANG_WARN_ENUM_CONVERSION = YES;
				CLANG_WARN_INFINITE_RECURSION = YES;
				CLANG_WARN_INT_CONVERSION = YES;
				CLANG_WARN_NON_LITERAL_NULL_CONVERSION = YES;
				CLANG_WARN_OBJC_IMPLICIT_RETAIN_SELF = YES;
				CLANG_WARN_OBJC_LITERAL_CONVERSION = YES;
				CLANG_WARN_OBJC_ROOT_CLASS = YES_ERROR;
				CLANG_WARN_QUOTED_INCLUDE_IN_FRAMEWORK_HEADER = YES;
				CLANG_WARN_RANGE_LOOP_ANALYSIS = YES;
				CLANG_WARN_STRICT_PROTOTYPES = YES;
				CLANG_WARN_SUSPICIOUS_MOVE = YES;
				CLANG_WARN_UNGUARDED_AVAILABILITY = YES_AGGRESSIVE;
				CLANG_WARN_UNREACHABLE_CODE = YES;
				CLANG_WARN__DUPLICATE_METHOD_MATCH = YES;
				COPY_PHASE_STRIP = NO;
				DEBUG_INFORMATION_FORMAT = "dwarf-with-dsym";
				ENABLE_NS_ASSERTIONS = NO;
				ENABLE_STRICT_OBJC_MSGSEND = YES;
				GCC_C_LANGUAGE_STANDARD = gnu11;
				GCC_NO_COMMON_BLOCKS = YES;
				GCC_WARN_64_TO_32_BIT_CONVERSION = YES;
				GCC_WARN_ABOUT_RETURN_TYPE = YES_ERROR;
				GCC_WARN_UNDECLARED_SELECTOR = YES;
				GCC_WARN_UNINITIALIZED_AUTOS = YES_AGGRESSIVE;
				GCC_WARN_UNUSED_FUNCTION = YES;
				GCC_WARN_UNUSED_VARIABLE = YES;
				IPHONEOS_DEPLOYMENT_TARGET = 16.2;
				MTL_ENABLE_DEBUG_INFO = NO;
				MTL_FAST_MATH = YES;
				SDKROOT = iphoneos;
				SWIFT_COMPILATION_MODE = wholemodule;
				SWIFT_OPTIMIZATION_LEVEL = "-O";
				VALIDATE_PRODUCT = YES;
			};
			name = Release;
		};
		2D3FA0222C0A551E00C6A3F4 /* Debug */ = {
			isa = XCBuildConfiguration;
			baseConfigurationReference = DE6481657A01F62CBECF15DE /* Pods-Kalori-Sayar.debug.xcconfig */;
			buildSettings = {
				ASSETCATALOG_COMPILER_APPICON_NAME = AppIcon;
				ASSETCATALOG_COMPILER_GLOBAL_ACCENT_COLOR_NAME = AccentColor;
				CODE_SIGN_STYLE = Automatic;
				CURRENT_PROJECT_VERSION = 1;
				DEVELOPMENT_TEAM = 6KBC8FTKD3;
				GENERATE_INFOPLIST_FILE = YES;
				INFOPLIST_FILE = "Kalori-Sayar/Info.plist";
				INFOPLIST_KEY_UIApplicationSupportsIndirectInputEvents = YES;
				INFOPLIST_KEY_UILaunchStoryboardName = LaunchScreen;
				INFOPLIST_KEY_UISupportedInterfaceOrientations_iPad = "UIInterfaceOrientationPortrait UIInterfaceOrientationPortraitUpsideDown UIInterfaceOrientationLandscapeLeft UIInterfaceOrientationLandscapeRight";
				INFOPLIST_KEY_UISupportedInterfaceOrientations_iPhone = "UIInterfaceOrientationPortrait UIInterfaceOrientationLandscapeLeft UIInterfaceOrientationLandscapeRight";
				LD_RUNPATH_SEARCH_PATHS = (
					"$(inherited)",
					"@executable_path/Frameworks",
				);
				MARKETING_VERSION = 1.0;
				PRODUCT_BUNDLE_IDENTIFIER = "UmitBakiDikbiyik.Kalori-Sayar";
				PRODUCT_NAME = "$(TARGET_NAME)";
				SWIFT_EMIT_LOC_STRINGS = YES;
				SWIFT_VERSION = 5.0;
				TARGETED_DEVICE_FAMILY = "1,2";
			};
			name = Debug;
		};
		2D3FA0232C0A551E00C6A3F4 /* Release */ = {
			isa = XCBuildConfiguration;
			baseConfigurationReference = 02961793612A3C7A6ECB4893 /* Pods-Kalori-Sayar.release.xcconfig */;
			buildSettings = {
				ASSETCATALOG_COMPILER_APPICON_NAME = AppIcon;
				ASSETCATALOG_COMPILER_GLOBAL_ACCENT_COLOR_NAME = AccentColor;
				CODE_SIGN_STYLE = Automatic;
				CURRENT_PROJECT_VERSION = 1;
				DEVELOPMENT_TEAM = 6KBC8FTKD3;
				GENERATE_INFOPLIST_FILE = YES;
				INFOPLIST_FILE = "Kalori-Sayar/Info.plist";
				INFOPLIST_KEY_UIApplicationSupportsIndirectInputEvents = YES;
				INFOPLIST_KEY_UILaunchStoryboardName = LaunchScreen;
				INFOPLIST_KEY_UISupportedInterfaceOrientations_iPad = "UIInterfaceOrientationPortrait UIInterfaceOrientationPortraitUpsideDown UIInterfaceOrientationLandscapeLeft UIInterfaceOrientationLandscapeRight";
				INFOPLIST_KEY_UISupportedInterfaceOrientations_iPhone = "UIInterfaceOrientationPortrait UIInterfaceOrientationLandscapeLeft UIInterfaceOrientationLandscapeRight";
				LD_RUNPATH_SEARCH_PATHS = (
					"$(inherited)",
					"@executable_path/Frameworks",
				);
				MARKETING_VERSION = 1.0;
				PRODUCT_BUNDLE_IDENTIFIER = "UmitBakiDikbiyik.Kalori-Sayar";
				PRODUCT_NAME = "$(TARGET_NAME)";
				SWIFT_EMIT_LOC_STRINGS = YES;
				SWIFT_VERSION = 5.0;
				TARGETED_DEVICE_FAMILY = "1,2";
			};
			name = Release;
		};
/* End XCBuildConfiguration section */

/* Begin XCConfigurationList section */
		2D3FA0082C0A551B00C6A3F4 /* Build configuration list for PBXProject "Kalori-Sayar" */ = {
			isa = XCConfigurationList;
			buildConfigurations = (
				2D3FA01F2C0A551E00C6A3F4 /* Debug */,
				2D3FA0202C0A551E00C6A3F4 /* Release */,
			);
			defaultConfigurationIsVisible = 0;
			defaultConfigurationName = Release;
		};
		2D3FA0212C0A551E00C6A3F4 /* Build configuration list for PBXNativeTarget "Kalori-Sayar" */ = {
			isa = XCConfigurationList;
			buildConfigurations = (
				2D3FA0222C0A551E00C6A3F4 /* Debug */,
				2D3FA0232C0A551E00C6A3F4 /* Release */,
			);
			defaultConfigurationIsVisible = 0;
			defaultConfigurationName = Release;
		};
/* End XCConfigurationList section */
	};
	rootObject = 2D3FA0052C0A551B00C6A3F4 /* Project object */;
}
