// !$*UTF8*$!
{
	archiveVersion = 1;
	classes = {
	};
	objectVersion = 56;
	objects = {

/* Begin PBXBuildFile section */
		2D2793BC2C10FADC00726E61 /* CaloriesCell.swift in Sources */ = {isa = PBXBuildFile; fileRef = 2D2793BA2C10FADC00726E61 /* CaloriesCell.swift */; };
		2D2793BD2C10FADC00726E61 /* CaloriesCellModel.swift in Sources */ = {isa = PBXBuildFile; fileRef = 2D2793BB2C10FADC00726E61 /* CaloriesCellModel.swift */; };
		2D90B4042C0ADE07003F78FF /* UIComponents.h in Headers */ = {isa = PBXBuildFile; fileRef = 2D90B4032C0ADE07003F78FF /* UIComponents.h */; settings = {ATTRIBUTES = (Public, ); }; };
		2D90B4132C0AE004003F78FF /* swiftgen.yml in Resources */ = {isa = PBXBuildFile; fileRef = 2D90B4122C0AE003003F78FF /* swiftgen.yml */; };
		2D90B4162C0AE022003F78FF /* Fonts.swift in Sources */ = {isa = PBXBuildFile; fileRef = 2D90B4152C0AE022003F78FF /* Fonts.swift */; };
		2D90B4192C0AE044003F78FF /* Localizable.strings in Resources */ = {isa = PBXBuildFile; fileRef = 2D90B4182C0AE044003F78FF /* Localizable.strings */; };
		2D90B41B2C0AE056003F78FF /* StringConstants.swift in Sources */ = {isa = PBXBuildFile; fileRef = 2D90B41A2C0AE056003F78FF /* StringConstants.swift */; };
		2D90B41E2C0AE074003F78FF /* Images.xcassets in Resources */ = {isa = PBXBuildFile; fileRef = 2D90B41D2C0AE074003F78FF /* Images.xcassets */; };
		2D90B4202C0AE07F003F78FF /* Icons.xcassets in Resources */ = {isa = PBXBuildFile; fileRef = 2D90B41F2C0AE07F003F78FF /* Icons.xcassets */; };
		2D90B4222C0AE08D003F78FF /* Colors.xcassets in Resources */ = {isa = PBXBuildFile; fileRef = 2D90B4212C0AE08D003F78FF /* Colors.xcassets */; };
		2D90B4242C0AE0BF003F78FF /* Assets.swift in Sources */ = {isa = PBXBuildFile; fileRef = 2D90B4232C0AE0BF003F78FF /* Assets.swift */; };
		2D90B4262C0AE0D7003F78FF /* UIImage+Images.swift in Sources */ = {isa = PBXBuildFile; fileRef = 2D90B4252C0AE0D7003F78FF /* UIImage+Images.swift */; };
		2D90B4282C0AE0E6003F78FF /* UIImage+Icons.swift in Sources */ = {isa = PBXBuildFile; fileRef = 2D90B4272C0AE0E6003F78FF /* UIImage+Icons.swift */; };
		2D90B42A2C0AE0F4003F78FF /* UIColor+Colors.swift in Sources */ = {isa = PBXBuildFile; fileRef = 2D90B4292C0AE0F4003F78FF /* UIColor+Colors.swift */; };
		2D9548B92C0AE1F2005C9D5D /* Localize.swift in Sources */ = {isa = PBXBuildFile; fileRef = 2D9548B82C0AE1F2005C9D5D /* Localize.swift */; };
		2DADC32E2C122E1B0021F13E /* UITableView+Extensions.swift in Sources */ = {isa = PBXBuildFile; fileRef = 2DADC32D2C122E1B0021F13E /* UITableView+Extensions.swift */; };
		2DFF37F32C0FA3D500594E60 /* PageControl.swift in Sources */ = {isa = PBXBuildFile; fileRef = 2DFF37F22C0FA3D500594E60 /* PageControl.swift */; };
		2DFF37F72C0FA74900594E60 /* WalkthroughCell.swift in Sources */ = {isa = PBXBuildFile; fileRef = 2DFF37F52C0FA74900594E60 /* WalkthroughCell.swift */; };
		2DFF37F82C0FA74900594E60 /* WalkthroughCellModel.swift in Sources */ = {isa = PBXBuildFile; fileRef = 2DFF37F62C0FA74900594E60 /* WalkthroughCellModel.swift */; };
		2DFF37FB2C0FA77C00594E60 /* ReusableView.swift in Sources */ = {isa = PBXBuildFile; fileRef = 2DFF37FA2C0FA77C00594E60 /* ReusableView.swift */; };
		2DFF37FF2C0FAA5100594E60 /* Nunito-SemiBold.ttf in Resources */ = {isa = PBXBuildFile; fileRef = 2DFF37FC2C0FAA5000594E60 /* Nunito-SemiBold.ttf */; };
		2DFF38002C0FAA5100594E60 /* Nunito-Bold.ttf in Resources */ = {isa = PBXBuildFile; fileRef = 2DFF37FD2C0FAA5000594E60 /* Nunito-Bold.ttf */; };
		2DFF38012C0FAA5100594E60 /* Nunito-ExtraBold.ttf in Resources */ = {isa = PBXBuildFile; fileRef = 2DFF37FE2C0FAA5100594E60 /* Nunito-ExtraBold.ttf */; };
		2DFF38032C0FAA7D00594E60 /* UIFont+Extensions.swift in Sources */ = {isa = PBXBuildFile; fileRef = 2DFF38022C0FAA7D00594E60 /* UIFont+Extensions.swift */; };
		2DFF38062C0FCC7700594E60 /* UICollectionView+Extensions.swift in Sources */ = {isa = PBXBuildFile; fileRef = 2DFF38052C0FCC7700594E60 /* UICollectionView+Extensions.swift */; };
		3E12D5C24177B992083F2EE9 /* libPods-UIComponents.a in Frameworks */ = {isa = PBXBuildFile; fileRef = 33497C5CDA7532BE35720CA5 /* libPods-UIComponents.a */; };
/* End PBXBuildFile section */

/* Begin PBXFileReference section */
		2D2793BA2C10FADC00726E61 /* CaloriesCell.swift */ = {isa = PBXFileReference; lastKnownFileType = sourcecode.swift; path = CaloriesCell.swift; sourceTree = "<group>"; };
		2D2793BB2C10FADC00726E61 /* CaloriesCellModel.swift */ = {isa = PBXFileReference; lastKnownFileType = sourcecode.swift; path = CaloriesCellModel.swift; sourceTree = "<group>"; };
		2D90B4002C0ADE07003F78FF /* UIComponents.framework */ = {isa = PBXFileReference; explicitFileType = wrapper.framework; includeInIndex = 0; path = UIComponents.framework; sourceTree = BUILT_PRODUCTS_DIR; };
		2D90B4032C0ADE07003F78FF /* UIComponents.h */ = {isa = PBXFileReference; lastKnownFileType = sourcecode.c.h; path = UIComponents.h; sourceTree = "<group>"; };
		2D90B4122C0AE003003F78FF /* swiftgen.yml */ = {isa = PBXFileReference; fileEncoding = 4; lastKnownFileType = text.yaml; path = swiftgen.yml; sourceTree = "<group>"; };
		2D90B4152C0AE022003F78FF /* Fonts.swift */ = {isa = PBXFileReference; lastKnownFileType = sourcecode.swift; path = Fonts.swift; sourceTree = "<group>"; };
		2D90B4182C0AE044003F78FF /* Localizable.strings */ = {isa = PBXFileReference; lastKnownFileType = text.plist.strings; path = Localizable.strings; sourceTree = "<group>"; };
		2D90B41A2C0AE056003F78FF /* StringConstants.swift */ = {isa = PBXFileReference; lastKnownFileType = sourcecode.swift; path = StringConstants.swift; sourceTree = "<group>"; };
		2D90B41D2C0AE074003F78FF /* Images.xcassets */ = {isa = PBXFileReference; lastKnownFileType = folder.assetcatalog; path = Images.xcassets; sourceTree = "<group>"; };
		2D90B41F2C0AE07F003F78FF /* Icons.xcassets */ = {isa = PBXFileReference; lastKnownFileType = folder.assetcatalog; path = Icons.xcassets; sourceTree = "<group>"; };
		2D90B4212C0AE08D003F78FF /* Colors.xcassets */ = {isa = PBXFileReference; lastKnownFileType = folder.assetcatalog; path = Colors.xcassets; sourceTree = "<group>"; };
		2D90B4232C0AE0BF003F78FF /* Assets.swift */ = {isa = PBXFileReference; lastKnownFileType = sourcecode.swift; path = Assets.swift; sourceTree = "<group>"; };
		2D90B4252C0AE0D7003F78FF /* UIImage+Images.swift */ = {isa = PBXFileReference; lastKnownFileType = sourcecode.swift; path = "UIImage+Images.swift"; sourceTree = "<group>"; };
		2D90B4272C0AE0E6003F78FF /* UIImage+Icons.swift */ = {isa = PBXFileReference; lastKnownFileType = sourcecode.swift; path = "UIImage+Icons.swift"; sourceTree = "<group>"; };
		2D90B4292C0AE0F4003F78FF /* UIColor+Colors.swift */ = {isa = PBXFileReference; lastKnownFileType = sourcecode.swift; path = "UIColor+Colors.swift"; sourceTree = "<group>"; };
		2D90B42B2C0AE164003F78FF /* UIComponents.h */ = {isa = PBXFileReference; lastKnownFileType = sourcecode.c.h; path = UIComponents.h; sourceTree = "<group>"; };
		2D9548B82C0AE1F2005C9D5D /* Localize.swift */ = {isa = PBXFileReference; lastKnownFileType = sourcecode.swift; path = Localize.swift; sourceTree = "<group>"; };
		2DADC32D2C122E1B0021F13E /* UITableView+Extensions.swift */ = {isa = PBXFileReference; lastKnownFileType = sourcecode.swift; path = "UITableView+Extensions.swift"; sourceTree = "<group>"; };
		2DFF37F22C0FA3D500594E60 /* PageControl.swift */ = {isa = PBXFileReference; lastKnownFileType = sourcecode.swift; path = PageControl.swift; sourceTree = "<group>"; };
		2DFF37F52C0FA74900594E60 /* WalkthroughCell.swift */ = {isa = PBXFileReference; lastKnownFileType = sourcecode.swift; path = WalkthroughCell.swift; sourceTree = "<group>"; };
		2DFF37F62C0FA74900594E60 /* WalkthroughCellModel.swift */ = {isa = PBXFileReference; lastKnownFileType = sourcecode.swift; path = WalkthroughCellModel.swift; sourceTree = "<group>"; };
		2DFF37FA2C0FA77C00594E60 /* ReusableView.swift */ = {isa = PBXFileReference; lastKnownFileType = sourcecode.swift; path = ReusableView.swift; sourceTree = "<group>"; };
		2DFF37FC2C0FAA5000594E60 /* Nunito-SemiBold.ttf */ = {isa = PBXFileReference; lastKnownFileType = file; path = "Nunito-SemiBold.ttf"; sourceTree = "<group>"; };
		2DFF37FD2C0FAA5000594E60 /* Nunito-Bold.ttf */ = {isa = PBXFileReference; lastKnownFileType = file; path = "Nunito-Bold.ttf"; sourceTree = "<group>"; };
		2DFF37FE2C0FAA5100594E60 /* Nunito-ExtraBold.ttf */ = {isa = PBXFileReference; lastKnownFileType = file; path = "Nunito-ExtraBold.ttf"; sourceTree = "<group>"; };
		2DFF38022C0FAA7D00594E60 /* UIFont+Extensions.swift */ = {isa = PBXFileReference; lastKnownFileType = sourcecode.swift; path = "UIFont+Extensions.swift"; sourceTree = "<group>"; };
		2DFF38052C0FCC7700594E60 /* UICollectionView+Extensions.swift */ = {isa = PBXFileReference; lastKnownFileType = sourcecode.swift; path = "UICollectionView+Extensions.swift"; sourceTree = "<group>"; };
		33497C5CDA7532BE35720CA5 /* libPods-UIComponents.a */ = {isa = PBXFileReference; explicitFileType = archive.ar; includeInIndex = 0; path = "libPods-UIComponents.a"; sourceTree = BUILT_PRODUCTS_DIR; };
		39C5B7C71FC76243CF1CEC30 /* Pods-UIComponents.debug.xcconfig */ = {isa = PBXFileReference; includeInIndex = 1; lastKnownFileType = text.xcconfig; name = "Pods-UIComponents.debug.xcconfig"; path = "Target Support Files/Pods-UIComponents/Pods-UIComponents.debug.xcconfig"; sourceTree = "<group>"; };
		ED304F59CA4372AFC305A0CF /* Pods-UIComponents.release.xcconfig */ = {isa = PBXFileReference; includeInIndex = 1; lastKnownFileType = text.xcconfig; name = "Pods-UIComponents.release.xcconfig"; path = "Target Support Files/Pods-UIComponents/Pods-UIComponents.release.xcconfig"; sourceTree = "<group>"; };
/* End PBXFileReference section */

/* Begin PBXFrameworksBuildPhase section */
		2D90B3FD2C0ADE07003F78FF /* Frameworks */ = {
			isa = PBXFrameworksBuildPhase;
			buildActionMask = 2147483647;
			files = (
				3E12D5C24177B992083F2EE9 /* libPods-UIComponents.a in Frameworks */,
			);
			runOnlyForDeploymentPostprocessing = 0;
		};
/* End PBXFrameworksBuildPhase section */

/* Begin PBXGroup section */
		0298FC83FA88A7EB0C9D0236 /* Pods */ = {
			isa = PBXGroup;
			children = (
				39C5B7C71FC76243CF1CEC30 /* Pods-UIComponents.debug.xcconfig */,
				ED304F59CA4372AFC305A0CF /* Pods-UIComponents.release.xcconfig */,
			);
			name = Pods;
			path = ../Pods;
			sourceTree = "<group>";
		};
		2D2793B92C10FAC200726E61 /* CaloriesCell */ = {
			isa = PBXGroup;
			children = (
				2D2793BA2C10FADC00726E61 /* CaloriesCell.swift */,
				2D2793BB2C10FADC00726E61 /* CaloriesCellModel.swift */,
			);
			path = CaloriesCell;
			sourceTree = "<group>";
		};
		2D90B3F62C0ADE07003F78FF = {
			isa = PBXGroup;
			children = (
				2D90B4122C0AE003003F78FF /* swiftgen.yml */,
				2D90B4022C0ADE07003F78FF /* UIComponents */,
				2D90B42B2C0AE164003F78FF /* UIComponents.h */,
				2D90B4012C0ADE07003F78FF /* Products */,
				0298FC83FA88A7EB0C9D0236 /* Pods */,
				ED37A34E6E669B31A26D54CA /* Frameworks */,
			);
			sourceTree = "<group>";
		};
		2D90B4012C0ADE07003F78FF /* Products */ = {
			isa = PBXGroup;
			children = (
				2D90B4002C0ADE07003F78FF /* UIComponents.framework */,
			);
			name = Products;
			sourceTree = "<group>";
		};
		2D90B4022C0ADE07003F78FF /* UIComponents */ = {
			isa = PBXGroup;
			children = (
				2D2793B92C10FAC200726E61 /* CaloriesCell */,
				2DFF38042C0FCC5E00594E60 /* Extensions */,
				2DFF37F92C0FA75D00594E60 /* Protocols */,
				2DFF37F42C0FA72000594E60 /* WalkthroughCell  */,
				2DFF37F12C0FA3BD00594E60 /* UIPageControl */,
				2D90B4102C0ADF90003F78FF /* Resources */,
				2D90B4032C0ADE07003F78FF /* UIComponents.h */,
			);
			path = UIComponents;
			sourceTree = "<group>";
		};
		2D90B4102C0ADF90003F78FF /* Resources */ = {
			isa = PBXGroup;
			children = (
				2D90B41C2C0AE063003F78FF /* Assets */,
				2D90B4172C0AE032003F78FF /* Strings */,
				2D90B4142C0AE010003F78FF /* Fonts */,
			);
			path = Resources;
			sourceTree = "<group>";
		};
		2D90B4142C0AE010003F78FF /* Fonts */ = {
			isa = PBXGroup;
			children = (
				2DFF37FD2C0FAA5000594E60 /* Nunito-Bold.ttf */,
				2DFF37FE2C0FAA5100594E60 /* Nunito-ExtraBold.ttf */,
				2DFF37FC2C0FAA5000594E60 /* Nunito-SemiBold.ttf */,
				2D90B4152C0AE022003F78FF /* Fonts.swift */,
				2DFF38022C0FAA7D00594E60 /* UIFont+Extensions.swift */,
			);
			path = Fonts;
			sourceTree = "<group>";
		};
		2D90B4172C0AE032003F78FF /* Strings */ = {
			isa = PBXGroup;
			children = (
				2D90B4182C0AE044003F78FF /* Localizable.strings */,
				2D90B41A2C0AE056003F78FF /* StringConstants.swift */,
				2D9548B82C0AE1F2005C9D5D /* Localize.swift */,
			);
			path = Strings;
			sourceTree = "<group>";
		};
		2D90B41C2C0AE063003F78FF /* Assets */ = {
			isa = PBXGroup;
			children = (
				2D90B41D2C0AE074003F78FF /* Images.xcassets */,
				2D90B41F2C0AE07F003F78FF /* Icons.xcassets */,
				2D90B4212C0AE08D003F78FF /* Colors.xcassets */,
				2D90B4232C0AE0BF003F78FF /* Assets.swift */,
				2D90B4252C0AE0D7003F78FF /* UIImage+Images.swift */,
				2D90B4272C0AE0E6003F78FF /* UIImage+Icons.swift */,
				2D90B4292C0AE0F4003F78FF /* UIColor+Colors.swift */,
			);
			path = Assets;
			sourceTree = "<group>";
		};
		2DFF37F12C0FA3BD00594E60 /* UIPageControl */ = {
			isa = PBXGroup;
			children = (
				2DFF37F22C0FA3D500594E60 /* PageControl.swift */,
			);
			path = UIPageControl;
			sourceTree = "<group>";
		};
		2DFF37F42C0FA72000594E60 /* WalkthroughCell  */ = {
			isa = PBXGroup;
			children = (
				2DFF37F52C0FA74900594E60 /* WalkthroughCell.swift */,
				2DFF37F62C0FA74900594E60 /* WalkthroughCellModel.swift */,
			);
			path = "WalkthroughCell ";
			sourceTree = "<group>";
		};
		2DFF37F92C0FA75D00594E60 /* Protocols */ = {
			isa = PBXGroup;
			children = (
				2DFF37FA2C0FA77C00594E60 /* ReusableView.swift */,
			);
			path = Protocols;
			sourceTree = "<group>";
		};
		2DFF38042C0FCC5E00594E60 /* Extensions */ = {
			isa = PBXGroup;
			children = (
				2DFF38052C0FCC7700594E60 /* UICollectionView+Extensions.swift */,
				2DADC32D2C122E1B0021F13E /* UITableView+Extensions.swift */,
			);
			path = Extensions;
			sourceTree = "<group>";
		};
		ED37A34E6E669B31A26D54CA /* Frameworks */ = {
			isa = PBXGroup;
			children = (
				33497C5CDA7532BE35720CA5 /* libPods-UIComponents.a */,
			);
			name = Frameworks;
			sourceTree = "<group>";
		};
/* End PBXGroup section */

/* Begin PBXHeadersBuildPhase section */
		2D90B3FB2C0ADE07003F78FF /* Headers */ = {
			isa = PBXHeadersBuildPhase;
			buildActionMask = 2147483647;
			files = (
				2D90B4042C0ADE07003F78FF /* UIComponents.h in Headers */,
			);
			runOnlyForDeploymentPostprocessing = 0;
		};
/* End PBXHeadersBuildPhase section */

/* Begin PBXNativeTarget section */
		2D90B3FF2C0ADE07003F78FF /* UIComponents */ = {
			isa = PBXNativeTarget;
			buildConfigurationList = 2D90B4072C0ADE07003F78FF /* Build configuration list for PBXNativeTarget "UIComponents" */;
			buildPhases = (
				4CC8A500F92523532912BD2B /* [CP] Check Pods Manifest.lock */,
				2D90B40F2C0ADF52003F78FF /* SwiftGen */,
				2D90B3FB2C0ADE07003F78FF /* Headers */,
				2D90B3FC2C0ADE07003F78FF /* Sources */,
				2D90B3FD2C0ADE07003F78FF /* Frameworks */,
				2D90B3FE2C0ADE07003F78FF /* Resources */,
			);
			buildRules = (
			);
			dependencies = (
			);
			name = UIComponents;
			productName = UIComponents;
			productReference = 2D90B4002C0ADE07003F78FF /* UIComponents.framework */;
			productType = "com.apple.product-type.framework";
		};
/* End PBXNativeTarget section */

/* Begin PBXProject section */
		2D90B3F72C0ADE07003F78FF /* Project object */ = {
			isa = PBXProject;
			attributes = {
				BuildIndependentTargetsInParallel = 1;
				LastUpgradeCheck = 1420;
				TargetAttributes = {
					2D90B3FF2C0ADE07003F78FF = {
						CreatedOnToolsVersion = 14.2;
						LastSwiftMigration = 1420;
					};
				};
			};
			buildConfigurationList = 2D90B3FA2C0ADE07003F78FF /* Build configuration list for PBXProject "UIComponents" */;
			compatibilityVersion = "Xcode 14.0";
			developmentRegion = en;
			hasScannedForEncodings = 0;
			knownRegions = (
				en,
				Base,
			);
			mainGroup = 2D90B3F62C0ADE07003F78FF;
			productRefGroup = 2D90B4012C0ADE07003F78FF /* Products */;
			projectDirPath = "";
			projectRoot = "";
			targets = (
				2D90B3FF2C0ADE07003F78FF /* UIComponents */,
			);
		};
/* End PBXProject section */

/* Begin PBXResourcesBuildPhase section */
		2D90B3FE2C0ADE07003F78FF /* Resources */ = {
			isa = PBXResourcesBuildPhase;
			buildActionMask = 2147483647;
			files = (
				2DFF38002C0FAA5100594E60 /* Nunito-Bold.ttf in Resources */,
				2DFF37FF2C0FAA5100594E60 /* Nunito-SemiBold.ttf in Resources */,
				2D90B4222C0AE08D003F78FF /* Colors.xcassets in Resources */,
				2D90B41E2C0AE074003F78FF /* Images.xcassets in Resources */,
				2D90B4132C0AE004003F78FF /* swiftgen.yml in Resources */,
				2D90B4202C0AE07F003F78FF /* Icons.xcassets in Resources */,
				2D90B4192C0AE044003F78FF /* Localizable.strings in Resources */,
				2DFF38012C0FAA5100594E60 /* Nunito-ExtraBold.ttf in Resources */,
			);
			runOnlyForDeploymentPostprocessing = 0;
		};
/* End PBXResourcesBuildPhase section */

/* Begin PBXShellScriptBuildPhase section */
		2D90B40F2C0ADF52003F78FF /* SwiftGen */ = {
			isa = PBXShellScriptBuildPhase;
			buildActionMask = 2147483647;
			files = (
			);
			inputFileListPaths = (
			);
			inputPaths = (
			);
			name = SwiftGen;
			outputFileListPaths = (
			);
			outputPaths = (
			);
			runOnlyForDeploymentPostprocessing = 0;
			shellPath = /bin/sh;
			shellScript = "if [[ -f \"${PODS_ROOT}/SwiftGen/bin/swiftgen\" ]]; then\n  \"${PODS_ROOT}/SwiftGen/bin/swiftgen\"\nelse\n  echo \"warning: SwiftGen is not installed. Run 'pod install --repo-update' to install it.\"\nfi\n";
		};
		4CC8A500F92523532912BD2B /* [CP] Check Pods Manifest.lock */ = {
			isa = PBXShellScriptBuildPhase;
			buildActionMask = 2147483647;
			files = (
			);
			inputFileListPaths = (
			);
			inputPaths = (
				"${PODS_PODFILE_DIR_PATH}/Podfile.lock",
				"${PODS_ROOT}/Manifest.lock",
			);
			name = "[CP] Check Pods Manifest.lock";
			outputFileListPaths = (
			);
			outputPaths = (
				"$(DERIVED_FILE_DIR)/Pods-UIComponents-checkManifestLockResult.txt",
			);
			runOnlyForDeploymentPostprocessing = 0;
			shellPath = /bin/sh;
			shellScript = "diff \"${PODS_PODFILE_DIR_PATH}/Podfile.lock\" \"${PODS_ROOT}/Manifest.lock\" > /dev/null\nif [ $? != 0 ] ; then\n    # print error to STDERR\n    echo \"error: The sandbox is not in sync with the Podfile.lock. Run 'pod install' or update your CocoaPods installation.\" >&2\n    exit 1\nfi\n# This output is used by Xcode 'outputs' to avoid re-running this script phase.\necho \"SUCCESS\" > \"${SCRIPT_OUTPUT_FILE_0}\"\n";
			showEnvVarsInLog = 0;
		};
/* End PBXShellScriptBuildPhase section */

/* Begin PBXSourcesBuildPhase section */
		2D90B3FC2C0ADE07003F78FF /* Sources */ = {
			isa = PBXSourcesBuildPhase;
			buildActionMask = 2147483647;
			files = (
				2D90B41B2C0AE056003F78FF /* StringConstants.swift in Sources */,
				2D90B42A2C0AE0F4003F78FF /* UIColor+Colors.swift in Sources */,
				2DFF37F72C0FA74900594E60 /* WalkthroughCell.swift in Sources */,
				2DADC32E2C122E1B0021F13E /* UITableView+Extensions.swift in Sources */,
				2DFF37F32C0FA3D500594E60 /* PageControl.swift in Sources */,
				2DFF37FB2C0FA77C00594E60 /* ReusableView.swift in Sources */,
				2DFF37F82C0FA74900594E60 /* WalkthroughCellModel.swift in Sources */,
				2D90B4262C0AE0D7003F78FF /* UIImage+Images.swift in Sources */,
				2D90B4162C0AE022003F78FF /* Fonts.swift in Sources */,
				2D90B4282C0AE0E6003F78FF /* UIImage+Icons.swift in Sources */,
				2D90B4242C0AE0BF003F78FF /* Assets.swift in Sources */,
				2D2793BD2C10FADC00726E61 /* CaloriesCellModel.swift in Sources */,
				2DFF38062C0FCC7700594E60 /* UICollectionView+Extensions.swift in Sources */,
				2DFF38032C0FAA7D00594E60 /* UIFont+Extensions.swift in Sources */,
				2D9548B92C0AE1F2005C9D5D /* Localize.swift in Sources */,
				2D2793BC2C10FADC00726E61 /* CaloriesCell.swift in Sources */,
			);
			runOnlyForDeploymentPostprocessing = 0;
		};
/* End PBXSourcesBuildPhase section */

/* Begin XCBuildConfiguration section */
		2D90B4052C0ADE07003F78FF /* Debug */ = {
			isa = XCBuildConfiguration;
			buildSettings = {
				ALWAYS_SEARCH_USER_PATHS = NO;
				CLANG_ANALYZER_NONNULL = YES;
				CLANG_ANALYZER_NUMBER_OBJECT_CONVERSION = YES_AGGRESSIVE;
				CLANG_CXX_LANGUAGE_STANDARD = "gnu++20";
				CLANG_ENABLE_MODULES = YES;
				CLANG_ENABLE_OBJC_ARC = YES;
				CLANG_ENABLE_OBJC_WEAK = YES;
				CLANG_WARN_BLOCK_CAPTURE_AUTORELEASING = YES;
				CLANG_WARN_BOOL_CONVERSION = YES;
				CLANG_WARN_COMMA = YES;
				CLANG_WARN_CONSTANT_CONVERSION = YES;
				CLANG_WARN_DEPRECATED_OBJC_IMPLEMENTATIONS = YES;
				CLANG_WARN_DIRECT_OBJC_ISA_USAGE = YES_ERROR;
				CLANG_WARN_DOCUMENTATION_COMMENTS = YES;
				CLANG_WARN_EMPTY_BODY = YES;
				CLANG_WARN_ENUM_CONVERSION = YES;
				CLANG_WARN_INFINITE_RECURSION = YES;
				CLANG_WARN_INT_CONVERSION = YES;
				CLANG_WARN_NON_LITERAL_NULL_CONVERSION = YES;
				CLANG_WARN_OBJC_IMPLICIT_RETAIN_SELF = YES;
				CLANG_WARN_OBJC_LITERAL_CONVERSION = YES;
				CLANG_WARN_OBJC_ROOT_CLASS = YES_ERROR;
				CLANG_WARN_QUOTED_INCLUDE_IN_FRAMEWORK_HEADER = YES;
				CLANG_WARN_RANGE_LOOP_ANALYSIS = YES;
				CLANG_WARN_STRICT_PROTOTYPES = YES;
				CLANG_WARN_SUSPICIOUS_MOVE = YES;
				CLANG_WARN_UNGUARDED_AVAILABILITY = YES_AGGRESSIVE;
				CLANG_WARN_UNREACHABLE_CODE = YES;
				CLANG_WARN__DUPLICATE_METHOD_MATCH = YES;
				COPY_PHASE_STRIP = NO;
				CURRENT_PROJECT_VERSION = 1;
				DEBUG_INFORMATION_FORMAT = dwarf;
				ENABLE_STRICT_OBJC_MSGSEND = YES;
				ENABLE_TESTABILITY = YES;
				GCC_C_LANGUAGE_STANDARD = gnu11;
				GCC_DYNAMIC_NO_PIC = NO;
				GCC_NO_COMMON_BLOCKS = YES;
				GCC_OPTIMIZATION_LEVEL = 0;
				GCC_PREPROCESSOR_DEFINITIONS = (
					"DEBUG=1",
					"$(inherited)",
				);
				GCC_WARN_64_TO_32_BIT_CONVERSION = YES;
				GCC_WARN_ABOUT_RETURN_TYPE = YES_ERROR;
				GCC_WARN_UNDECLARED_SELECTOR = YES;
				GCC_WARN_UNINITIALIZED_AUTOS = YES_AGGRESSIVE;
				GCC_WARN_UNUSED_FUNCTION = YES;
				GCC_WARN_UNUSED_VARIABLE = YES;
				IPHONEOS_DEPLOYMENT_TARGET = 17.0;
				MTL_ENABLE_DEBUG_INFO = INCLUDE_SOURCE;
				MTL_FAST_MATH = YES;
				ONLY_ACTIVE_ARCH = YES;
				SDKROOT = iphoneos;
				SWIFT_ACTIVE_COMPILATION_CONDITIONS = DEBUG;
				SWIFT_OPTIMIZATION_LEVEL = "-Onone";
				VERSIONING_SYSTEM = "apple-generic";
				VERSION_INFO_PREFIX = "";
			};
			name = Debug;
		};
		2D90B4062C0ADE07003F78FF /* Release */ = {
			isa = XCBuildConfiguration;
			buildSettings = {
				ALWAYS_SEARCH_USER_PATHS = NO;
				CLANG_ANALYZER_NONNULL = YES;
				CLANG_ANALYZER_NUMBER_OBJECT_CONVERSION = YES_AGGRESSIVE;
				CLANG_CXX_LANGUAGE_STANDARD = "gnu++20";
				CLANG_ENABLE_MODULES = YES;
				CLANG_ENABLE_OBJC_ARC = YES;
				CLANG_ENABLE_OBJC_WEAK = YES;
				CLANG_WARN_BLOCK_CAPTURE_AUTORELEASING = YES;
				CLANG_WARN_BOOL_CONVERSION = YES;
				CLANG_WARN_COMMA = YES;
				CLANG_WARN_CONSTANT_CONVERSION = YES;
				CLANG_WARN_DEPRECATED_OBJC_IMPLEMENTATIONS = YES;
				CLANG_WARN_DIRECT_OBJC_ISA_USAGE = YES_ERROR;
				CLANG_WARN_DOCUMENTATION_COMMENTS = YES;
				CLANG_WARN_EMPTY_BODY = YES;
				CLANG_WARN_ENUM_CONVERSION = YES;
				CLANG_WARN_INFINITE_RECURSION = YES;
				CLANG_WARN_INT_CONVERSION = YES;
				CLANG_WARN_NON_LITERAL_NULL_CONVERSION = YES;
				CLANG_WARN_OBJC_IMPLICIT_RETAIN_SELF = YES;
				CLANG_WARN_OBJC_LITERAL_CONVERSION = YES;
				CLANG_WARN_OBJC_ROOT_CLASS = YES_ERROR;
				CLANG_WARN_QUOTED_INCLUDE_IN_FRAMEWORK_HEADER = YES;
				CLANG_WARN_RANGE_LOOP_ANALYSIS = YES;
				CLANG_WARN_STRICT_PROTOTYPES = YES;
				CLANG_WARN_SUSPICIOUS_MOVE = YES;
				CLANG_WARN_UNGUARDED_AVAILABILITY = YES_AGGRESSIVE;
				CLANG_WARN_UNREACHABLE_CODE = YES;
				CLANG_WARN__DUPLICATE_METHOD_MATCH = YES;
				COPY_PHASE_STRIP = NO;
				CURRENT_PROJECT_VERSION = 1;
				DEBUG_INFORMATION_FORMAT = "dwarf-with-dsym";
				ENABLE_NS_ASSERTIONS = NO;
				ENABLE_STRICT_OBJC_MSGSEND = YES;
				GCC_C_LANGUAGE_STANDARD = gnu11;
				GCC_NO_COMMON_BLOCKS = YES;
				GCC_WARN_64_TO_32_BIT_CONVERSION = YES;
				GCC_WARN_ABOUT_RETURN_TYPE = YES_ERROR;
				GCC_WARN_UNDECLARED_SELECTOR = YES;
				GCC_WARN_UNINITIALIZED_AUTOS = YES_AGGRESSIVE;
				GCC_WARN_UNUSED_FUNCTION = YES;
				GCC_WARN_UNUSED_VARIABLE = YES;
				IPHONEOS_DEPLOYMENT_TARGET = 17.0;
				MTL_ENABLE_DEBUG_INFO = NO;
				MTL_FAST_MATH = YES;
				SDKROOT = iphoneos;
				SWIFT_COMPILATION_MODE = wholemodule;
				SWIFT_OPTIMIZATION_LEVEL = "-O";
				VALIDATE_PRODUCT = YES;
				VERSIONING_SYSTEM = "apple-generic";
				VERSION_INFO_PREFIX = "";
			};
			name = Release;
		};
		2D90B4082C0ADE07003F78FF /* Debug */ = {
			isa = XCBuildConfiguration;
			baseConfigurationReference = 39C5B7C71FC76243CF1CEC30 /* Pods-UIComponents.debug.xcconfig */;
			buildSettings = {
				CLANG_ENABLE_MODULES = YES;
				CODE_SIGN_STYLE = Automatic;
				CURRENT_PROJECT_VERSION = 1;
				DEFINES_MODULE = YES;
				DEVELOPMENT_TEAM = 6KBC8FTKD3;
				DYLIB_COMPATIBILITY_VERSION = 1;
				DYLIB_CURRENT_VERSION = 1;
				DYLIB_INSTALL_NAME_BASE = "@rpath";
				GENERATE_INFOPLIST_FILE = YES;
				INFOPLIST_KEY_NSHumanReadableCopyright = "";
				INSTALL_PATH = "$(LOCAL_LIBRARY_DIR)/Frameworks";
				IPHONEOS_DEPLOYMENT_TARGET = 12.0;
				LD_RUNPATH_SEARCH_PATHS = (
					"$(inherited)",
					"@executable_path/Frameworks",
					"@loader_path/Frameworks",
				);
				MARKETING_VERSION = 1.0;
				PRODUCT_BUNDLE_IDENTIFIER = UmitBakiDikbiyik.UIComponents;
				PRODUCT_NAME = "$(TARGET_NAME:c99extidentifier)";
				SKIP_INSTALL = YES;
				SWIFT_EMIT_LOC_STRINGS = YES;
				SWIFT_OPTIMIZATION_LEVEL = "-Onone";
				SWIFT_VERSION = 5.0;
				TARGETED_DEVICE_FAMILY = "1,2";
			};
			name = Debug;
		};
		2D90B4092C0ADE07003F78FF /* Release */ = {
			isa = XCBuildConfiguration;
			baseConfigurationReference = ED304F59CA4372AFC305A0CF /* Pods-UIComponents.release.xcconfig */;
			buildSettings = {
				CLANG_ENABLE_MODULES = YES;
				CODE_SIGN_STYLE = Automatic;
				CURRENT_PROJECT_VERSION = 1;
				DEFINES_MODULE = YES;
				DEVELOPMENT_TEAM = 6KBC8FTKD3;
				DYLIB_COMPATIBILITY_VERSION = 1;
				DYLIB_CURRENT_VERSION = 1;
				DYLIB_INSTALL_NAME_BASE = "@rpath";
				GENERATE_INFOPLIST_FILE = YES;
				INFOPLIST_KEY_NSHumanReadableCopyright = "";
				INSTALL_PATH = "$(LOCAL_LIBRARY_DIR)/Frameworks";
				IPHONEOS_DEPLOYMENT_TARGET = 12.0;
				LD_RUNPATH_SEARCH_PATHS = (
					"$(inherited)",
					"@executable_path/Frameworks",
					"@loader_path/Frameworks",
				);
				MARKETING_VERSION = 1.0;
				PRODUCT_BUNDLE_IDENTIFIER = UmitBakiDikbiyik.UIComponents;
				PRODUCT_NAME = "$(TARGET_NAME:c99extidentifier)";
				SKIP_INSTALL = YES;
				SWIFT_EMIT_LOC_STRINGS = YES;
				SWIFT_VERSION = 5.0;
				TARGETED_DEVICE_FAMILY = "1,2";
			};
			name = Release;
		};
/* End XCBuildConfiguration section */

/* Begin XCConfigurationList section */
		2D90B3FA2C0ADE07003F78FF /* Build configuration list for PBXProject "UIComponents" */ = {
			isa = XCConfigurationList;
			buildConfigurations = (
				2D90B4052C0ADE07003F78FF /* Debug */,
				2D90B4062C0ADE07003F78FF /* Release */,
			);
			defaultConfigurationIsVisible = 0;
			defaultConfigurationName = Release;
		};
		2D90B4072C0ADE07003F78FF /* Build configuration list for PBXNativeTarget "UIComponents" */ = {
			isa = XCConfigurationList;
			buildConfigurations = (
				2D90B4082C0ADE07003F78FF /* Debug */,
				2D90B4092C0ADE07003F78FF /* Release */,
			);
			defaultConfigurationIsVisible = 0;
			defaultConfigurationName = Release;
		};
/* End XCConfigurationList section */
	};
	rootObject = 2D90B3F72C0ADE07003F78FF /* Project object */;
}
